{
  "name": "day20_reflector",
  "version": "1.0.0",
  "lockfileVersion": 2,
  "requires": true,
  "packages": {
    "": {
      "name": "day20_reflector",
      "version": "1.0.0",
      "license": "ISC",
      "dependencies": {
        "postprocessing": "^6.28.7"
      }
    },
    "node_modules/postprocessing": {
      "version": "6.28.7",
      "resolved": "https://registry.npmjs.org/postprocessing/-/postprocessing-6.28.7.tgz",
      "integrity": "sha512-norsBlNIhDoNG2R0nki9C0bNEARIunE/s5W/4qH/Ozlg3m0dOOmBoY8JZhnmPild/+Jvq/UFEeHQRBvTc11WUg==",
      "engines": {
        "node": ">= 0.13.2"
      },
      "peerDependencies": {
        "three": ">= 0.125.0 < 0.145.0"
      }
    },
    "node_modules/three": {
      "version": "0.144.0",
      "resolved": "https://registry.npmjs.org/three/-/three-0.144.0.tgz",
      "integrity": "sha512-R8AXPuqfjfRJKkYoTQcTK7A6i3AdO9++2n8ubya/GTU+fEHhYKu1ZooRSCPkx69jbnzT7dD/xEo6eROQTt2lJw==",
      "peer": true
    }
  },
  "dependencies": {
    "postprocessing": {
      "version": "6.28.7",
      "resolved": "https://registry.npmjs.org/postprocessing/-/postprocessing-6.28.7.tgz",
      "integrity": "sha512-norsBlNIhDoNG2R0nki9C0bNEARIunE/s5W/4qH/Ozlg3m0dOOmBoY8JZhnmPild/+Jvq/UFEeHQRBvTc11WUg==",
      "requires": {}
    },
    "three": {
      "version": "0.144.0",
      "resolved": "https://registry.npmjs.org/three/-/three-0.144.0.tgz",
      "integrity": "sha512-R8AXPuqfjfRJKkYoTQcTK7A6i3AdO9++2n8ubya/GTU+fEHhYKu1ZooRSCPkx69jbnzT7dD/xEo6eROQTt2lJw==",
      "peer": true
    }
  }
}
